<?xml version="1.0" encoding="utf-8"?>
<Project ToolsVersion="4.0" xmlns="http://schemas.microsoft.com/developer/msbuild/2003">
  <ItemGroup>
    <Filter Include="Resource Files">
      <UniqueIdentifier>{67DA6AB6-F800-4c08-8B7A-83BB121AAD01}</UniqueIdentifier>
      <Extensions>rc;ico;cur;bmp;dlg;rc2;rct;bin;rgs;gif;jpg;jpeg;jpe;resx;tiff;tif;png;wav;mfcribbon-ms</Extensions>
    </Filter>
    <Filter Include="OGL Sources">
      <UniqueIdentifier>{4c9dfb90-3638-46bd-a5bb-e18d2757dfd4}</UniqueIdentifier>
    </Filter>
    <Filter Include="Win32 Sources">
      <UniqueIdentifier>{cd34e9e4-c302-4103-bfd2-0a924e848963}</UniqueIdentifier>
    </Filter>
    <Filter Include="OGL Sources\Engine">
      <UniqueIdentifier>{98aa58b3-89d0-4873-aa4c-cf1019ac6032}</UniqueIdentifier>
    </Filter>
    <Filter Include="OGL Sources\Engine\Utils">
      <UniqueIdentifier>{8c8c4f3d-c664-4d93-93e8-f1707e49329f}</UniqueIdentifier>
    </Filter>
    <Filter Include="OGL Sources\Engine\OGL">
      <UniqueIdentifier>{81f4d7f7-3d70-4555-8e4e-bcfed6f78e40}</UniqueIdentifier>
    </Filter>
    <Filter Include="OGL Sources\Engine\Models">
      <UniqueIdentifier>{964372c2-7ef9-4773-ac81-9c342be06e9b}</UniqueIdentifier>
    </Filter>
    <Filter Include="OGL Sources\Engine\Models\Resources">
      <UniqueIdentifier>{700d6200-10d2-4e7d-b81c-feb10ef57797}</UniqueIdentifier>
    </Filter>
    <Filter Include="OGL Sources\Engine\Models\Textures">
      <UniqueIdentifier>{049a43e8-de66-4af2-8d22-6696f22dc189}</UniqueIdentifier>
    </Filter>
    <Filter Include="OGL Sources\Engine\Models\Textures\SOIL">
      <UniqueIdentifier>{edc89645-019c-484e-a2c6-3443561acbb9}</UniqueIdentifier>
    </Filter>
  </ItemGroup>
  <ItemGroup>
    <Text Include="ReadMe.txt" />
  </ItemGroup>
  <ItemGroup>
    <ClInclude Include="PlatformDefine.h">
      <Filter>Win32 Sources</Filter>
    </ClInclude>
    <ClInclude Include="targetver.h">
      <Filter>Win32 Sources</Filter>
    </ClInclude>
    <ClInclude Include="LeakChecker.h">
      <Filter>Win32 Sources</Filter>
    </ClInclude>
    <ClInclude Include="..\..\..\Sources\Engine\Implement.h">
      <Filter>OGL Sources\Engine</Filter>
    </ClInclude>
    <ClInclude Include="..\..\..\Sources\Engine\Utils\Speak.h">
      <Filter>OGL Sources\Engine\Utils</Filter>
    </ClInclude>
    <ClInclude Include="..\..\..\Sources\Engine\Utils\Mystic.h">
      <Filter>OGL Sources\Engine\Utils</Filter>
    </ClInclude>
    <ClInclude Include="..\..\..\Sources\Engine\OGL\OGLShader.h">
      <Filter>OGL Sources\Engine\OGL</Filter>
    </ClInclude>
    <ClInclude Include="..\..\..\Sources\Engine\OGL\OGLNative.h">
      <Filter>OGL Sources\Engine\OGL</Filter>
    </ClInclude>
    <ClInclude Include="..\..\..\Sources\Engine\OGL\OGLRender.h">
      <Filter>OGL Sources\Engine\OGL</Filter>
    </ClInclude>
    <ClInclude Include="..\..\..\Sources\Engine\Models\Model.h">
      <Filter>OGL Sources\Engine\Models</Filter>
    </ClInclude>
    <ClInclude Include="..\..\..\Sources\Engine\Models\ModelType.h">
      <Filter>OGL Sources\Engine\Models</Filter>
    </ClInclude>
    <ClInclude Include="..\..\..\Sources\Engine\Models\ModelType1.h">
      <Filter>OGL Sources\Engine\Models</Filter>
    </ClInclude>
    <ClInclude Include="..\..\..\Sources\Engine\Models\ModelType2.h">
      <Filter>OGL Sources\Engine\Models</Filter>
    </ClInclude>
    <ClInclude Include="..\..\..\Sources\Engine\Models\Resources\nfgReader.h">
      <Filter>OGL Sources\Engine\Models\Resources</Filter>
    </ClInclude>
    <ClInclude Include="..\..\..\Sources\Engine\Models\Resources\objReader.h">
      <Filter>OGL Sources\Engine\Models\Resources</Filter>
    </ClInclude>
    <ClInclude Include="..\..\..\Sources\Engine\Models\Resources\pngLoader.h">
      <Filter>OGL Sources\Engine\Models\Resources</Filter>
    </ClInclude>
    <ClInclude Include="..\..\..\Sources\Engine\Models\Resources\tgaLoader.h">
      <Filter>OGL Sources\Engine\Models\Resources</Filter>
    </ClInclude>
    <ClInclude Include="..\..\..\Sources\Engine\Models\Resources\Vertex.h">
      <Filter>OGL Sources\Engine\Models\Resources</Filter>
    </ClInclude>
    <ClInclude Include="..\..\..\Sources\Engine\OGL\OGLAdapter.h">
      <Filter>OGL Sources\Engine\OGL</Filter>
    </ClInclude>
    <ClInclude Include="..\..\..\Sources\Engine\Models\Textures\SOIL\image_DXT.h">
      <Filter>OGL Sources\Engine\Models\Textures\SOIL</Filter>
    </ClInclude>
    <ClInclude Include="..\..\..\Sources\Engine\Models\Textures\SOIL\image_helper.h">
      <Filter>OGL Sources\Engine\Models\Textures\SOIL</Filter>
    </ClInclude>
    <ClInclude Include="..\..\..\Sources\Engine\Models\Textures\SOIL\SOIL.h">
      <Filter>OGL Sources\Engine\Models\Textures\SOIL</Filter>
    </ClInclude>
    <ClInclude Include="..\..\..\Sources\Engine\Models\Textures\SOIL\stb_image_aug.h">
      <Filter>OGL Sources\Engine\Models\Textures\SOIL</Filter>
    </ClInclude>
    <ClInclude Include="..\..\..\Sources\Engine\Models\Textures\SOIL\stbi_DDS_aug.h">
      <Filter>OGL Sources\Engine\Models\Textures\SOIL</Filter>
    </ClInclude>
    <ClInclude Include="..\..\..\Sources\Engine\Models\Textures\SOIL\stbi_DDS_aug_c.h">
      <Filter>OGL Sources\Engine\Models\Textures\SOIL</Filter>
    </ClInclude>
    <ClInclude Include="..\..\..\Sources\Engine\Models\Textures\TextureLoader.h">
      <Filter>OGL Sources\Engine\Models\Textures</Filter>
    </ClInclude>
  </ItemGroup>
  <ItemGroup>
    <ClCompile Include="main.cpp">
      <Filter>Win32 Sources</Filter>
    </ClCompile>
    <ClCompile Include="..\..\..\Sources\Engine\Implement.cpp">
      <Filter>OGL Sources\Engine</Filter>
    </ClCompile>
    <ClCompile Include="..\..\..\Sources\Engine\Utils\Mystic.cpp">
      <Filter>OGL Sources\Engine\Utils</Filter>
    </ClCompile>
    <ClCompile Include="..\..\..\Sources\Engine\Utils\Speak.cpp">
      <Filter>OGL Sources\Engine\Utils</Filter>
    </ClCompile>
    <ClCompile Include="..\..\..\Sources\Engine\OGL\OGLNative.cpp">
      <Filter>OGL Sources\Engine\OGL</Filter>
    </ClCompile>
    <ClCompile Include="..\..\..\Sources\Engine\OGL\OGLRender.cpp">
      <Filter>OGL Sources\Engine\OGL</Filter>
    </ClCompile>
    <ClCompile Include="..\..\..\Sources\Engine\OGL\OGLShader.cpp">
      <Filter>OGL Sources\Engine\OGL</Filter>
    </ClCompile>
    <ClCompile Include="..\..\..\Sources\Engine\Models\Model.cpp">
      <Filter>OGL Sources\Engine\Models</Filter>
    </ClCompile>
    <ClCompile Include="..\..\..\Sources\Engine\Models\ModelType.cpp">
      <Filter>OGL Sources\Engine\Models</Filter>
    </ClCompile>
    <ClCompile Include="..\..\..\Sources\Engine\Models\ModelType1.cpp">
      <Filter>OGL Sources\Engine\Models</Filter>
    </ClCompile>
    <ClCompile Include="..\..\..\Sources\Engine\Models\ModelType2.cpp">
      <Filter>OGL Sources\Engine\Models</Filter>
    </ClCompile>
    <ClCompile Include="..\..\..\Sources\Engine\Models\Resources\objReader.cpp">
      <Filter>OGL Sources\Engine\Models\Resources</Filter>
    </ClCompile>
    <ClCompile Include="..\..\..\Sources\Engine\Models\Resources\pngLoader.cpp">
      <Filter>OGL Sources\Engine\Models\Resources</Filter>
    </ClCompile>
    <ClCompile Include="..\..\..\Sources\Engine\Models\Resources\tgaLoader.cpp">
      <Filter>OGL Sources\Engine\Models\Resources</Filter>
    </ClCompile>
    <ClCompile Include="..\..\..\Sources\Engine\Models\Resources\Vertex.cpp">
      <Filter>OGL Sources\Engine\Models\Resources</Filter>
    </ClCompile>
    <ClCompile Include="..\..\..\Sources\Engine\Models\Resources\nfgReader.cpp">
      <Filter>OGL Sources\Engine\Models\Resources</Filter>
    </ClCompile>
    <ClCompile Include="..\..\..\Sources\Engine\Models\Textures\SOIL\image_DXT.c">
      <Filter>OGL Sources\Engine\Models\Textures\SOIL</Filter>
    </ClCompile>
    <ClCompile Include="..\..\..\Sources\Engine\Models\Textures\SOIL\image_helper.c">
      <Filter>OGL Sources\Engine\Models\Textures\SOIL</Filter>
    </ClCompile>
    <ClCompile Include="..\..\..\Sources\Engine\Models\Textures\SOIL\SOIL.c">
      <Filter>OGL Sources\Engine\Models\Textures\SOIL</Filter>
    </ClCompile>
    <ClCompile Include="..\..\..\Sources\Engine\Models\Textures\SOIL\stb_image_aug.c">
      <Filter>OGL Sources\Engine\Models\Textures\SOIL</Filter>
    </ClCompile>
    <ClCompile Include="..\..\..\Sources\Engine\Models\Textures\TextureLoader.cpp">
      <Filter>OGL Sources\Engine\Models\Textures</Filter>
    </ClCompile>
  </ItemGroup>
</Project>