<?xml version="1.0" encoding="utf-8"?>
<Project ToolsVersion="4.0" xmlns="http://schemas.microsoft.com/developer/msbuild/2003">
  <ItemGroup>
    <Filter Include="Source Files">
      <UniqueIdentifier>{4FC737F1-C7A5-4376-A066-2A32D752A2FF}</UniqueIdentifier>
      <Extensions>cpp;c;cc;cxx;def;odl;idl;hpj;bat;asm;asmx</Extensions>
    </Filter>
    <Filter Include="Header Files">
      <UniqueIdentifier>{93995380-89BD-4b04-88EB-625FBE52EBFB}</UniqueIdentifier>
      <Extensions>h;hh;hpp;hxx;hm;inl;inc;xsd</Extensions>
    </Filter>
    <Filter Include="Resource Files">
      <UniqueIdentifier>{67DA6AB6-F800-4c08-8B7A-83BB121AAD01}</UniqueIdentifier>
      <Extensions>rc;ico;cur;bmp;dlg;rc2;rct;bin;rgs;gif;jpg;jpeg;jpe;resx;tiff;tif;png;wav;mfcribbon-ms</Extensions>
    </Filter>
    <Filter Include="OGL Sources">
      <UniqueIdentifier>{4c9dfb90-3638-46bd-a5bb-e18d2757dfd4}</UniqueIdentifier>
    </Filter>
  </ItemGroup>
  <ItemGroup>
    <Text Include="ReadMe.txt" />
  </ItemGroup>
  <ItemGroup>
    <ClInclude Include="stdafx.h">
      <Filter>Header Files</Filter>
    </ClInclude>
    <ClInclude Include="targetver.h">
      <Filter>Header Files</Filter>
    </ClInclude>
    <ClInclude Include="..\..\..\Sources\Implement.h">
      <Filter>OGL Sources</Filter>
    </ClInclude>
    <ClInclude Include="..\..\..\Sources\Model.h">
      <Filter>OGL Sources</Filter>
    </ClInclude>
    <ClInclude Include="..\..\..\Sources\Mystic.h">
      <Filter>OGL Sources</Filter>
    </ClInclude>
    <ClInclude Include="..\..\..\Sources\OGLNative.h">
      <Filter>OGL Sources</Filter>
    </ClInclude>
    <ClInclude Include="..\..\..\Sources\OGLRender.h">
      <Filter>OGL Sources</Filter>
    </ClInclude>
    <ClInclude Include="..\..\..\Sources\OGLShader.h">
      <Filter>OGL Sources</Filter>
    </ClInclude>
    <ClInclude Include="..\..\..\Sources\Speak.h">
      <Filter>OGL Sources</Filter>
    </ClInclude>
    <ClInclude Include="..\..\..\Sources\Vertex.h">
      <Filter>OGL Sources</Filter>
    </ClInclude>
    <ClInclude Include="PlatformDefine.h">
      <Filter>Header Files</Filter>
    </ClInclude>
    <ClInclude Include="OGLAdapter.h">
      <Filter>Header Files</Filter>
    </ClInclude>
  </ItemGroup>
  <ItemGroup>
    <ClCompile Include="stdafx.cpp">
      <Filter>Source Files</Filter>
    </ClCompile>
    <ClCompile Include="main.cpp">
      <Filter>Source Files</Filter>
    </ClCompile>
    <ClCompile Include="..\..\..\Sources\Implement.cpp">
      <Filter>OGL Sources</Filter>
    </ClCompile>
    <ClCompile Include="..\..\..\Sources\Model.cpp">
      <Filter>OGL Sources</Filter>
    </ClCompile>
    <ClCompile Include="..\..\..\Sources\Mystic.cpp">
      <Filter>OGL Sources</Filter>
    </ClCompile>
    <ClCompile Include="..\..\..\Sources\OGLNative.cpp">
      <Filter>OGL Sources</Filter>
    </ClCompile>
    <ClCompile Include="..\..\..\Sources\OGLRender.cpp">
      <Filter>OGL Sources</Filter>
    </ClCompile>
    <ClCompile Include="..\..\..\Sources\OGLShader.cpp">
      <Filter>OGL Sources</Filter>
    </ClCompile>
    <ClCompile Include="..\..\..\Sources\Speak.cpp">
      <Filter>OGL Sources</Filter>
    </ClCompile>
    <ClCompile Include="..\..\..\Sources\Vertex.cpp">
      <Filter>OGL Sources</Filter>
    </ClCompile>
  </ItemGroup>
</Project>