<?xml version="1.0" encoding="UTF-8" standalone="yes" ?>
<CodeBlocks_project_file>
	<FileVersion major="1" minor="6" />
	<Project>
		<Option title="OGL-CodeBlocks" />
		<Option pch_mode="2" />
		<Option compiler="gcc" />
		<Build>
			<Target title="Debug">
				<Option output="bin/Debug/OGL-CodeBlocks" prefix_auto="1" extension_auto="1" />
				<Option object_output="obj/Debug/" />
				<Option type="1" />
				<Option compiler="gcc" />
				<Compiler>
					<Add option="-g" />
				</Compiler>
			</Target>
			<Target title="Release">
				<Option output="bin/Release/OGL-CodeBlocks" prefix_auto="1" extension_auto="1" />
				<Option object_output="obj/Release/" />
				<Option type="1" />
				<Option compiler="gcc" />
				<Compiler>
					<Add option="-O2" />
				</Compiler>
				<Linker>
					<Add option="-s" />
				</Linker>
			</Target>
		</Build>
		<Compiler>
			<Add option="-Wall" />
			<Add option="-fexceptions" />
			<Add directory="../../Libraries/glfw-3.2.1/include" />
			<Add directory="../../Libraries/glew-2.1.0/include" />
			<Add directory="../../Sources" />
			<Add directory="../CodeBlocks" />
		</Compiler>
		<Linker>
			<Add library="GL" />
			<Add library="glfw" />
			<Add library="GLEW" />
		</Linker>
		<Unit filename="../../Sources/Engine/Implement.cpp" />
		<Unit filename="../../Sources/Engine/Implement.h" />
		<Unit filename="../../Sources/Engine/Models/Model.cpp" />
		<Unit filename="../../Sources/Engine/Models/Model.h" />
		<Unit filename="../../Sources/Engine/Models/ModelType.cpp" />
		<Unit filename="../../Sources/Engine/Models/ModelType.h" />
		<Unit filename="../../Sources/Engine/Models/ModelType1.cpp" />
		<Unit filename="../../Sources/Engine/Models/ModelType1.h" />
		<Unit filename="../../Sources/Engine/Models/ModelType2.cpp" />
		<Unit filename="../../Sources/Engine/Models/ModelType2.h" />
		<Unit filename="../../Sources/Engine/Models/Resources/Vertex.cpp" />
		<Unit filename="../../Sources/Engine/Models/Resources/Vertex.h" />
		<Unit filename="../../Sources/Engine/Models/Resources/nfgReader.cpp" />
		<Unit filename="../../Sources/Engine/Models/Resources/nfgReader.h" />
		<Unit filename="../../Sources/Engine/Models/Resources/objReader.cpp" />
		<Unit filename="../../Sources/Engine/Models/Resources/objReader.h" />
		<Unit filename="../../Sources/Engine/Models/Resources/pngLoader.cpp" />
		<Unit filename="../../Sources/Engine/Models/Resources/pngLoader.h" />
		<Unit filename="../../Sources/Engine/Models/Resources/tgaLoader.cpp" />
		<Unit filename="../../Sources/Engine/Models/Resources/tgaLoader.h" />
		<Unit filename="../../Sources/Engine/OGL/OGLNative.cpp" />
		<Unit filename="../../Sources/Engine/OGL/OGLNative.h" />
		<Unit filename="../../Sources/Engine/OGL/OGLRender.cpp" />
		<Unit filename="../../Sources/Engine/OGL/OGLRender.h" />
		<Unit filename="../../Sources/Engine/OGL/OGLShader.cpp" />
		<Unit filename="../../Sources/Engine/OGL/OGLShader.h" />
		<Unit filename="../../Sources/Engine/Utils/Mystic.cpp" />
		<Unit filename="../../Sources/Engine/Utils/Mystic.h" />
		<Unit filename="../../Sources/Engine/Utils/Speak.cpp" />
		<Unit filename="../../Sources/Engine/Utils/Speak.h" />
		<Unit filename="../../Sources/Implement.h" />
		<Unit filename="../../Sources/Model.h" />
		<Unit filename="../../Sources/Mystic.h" />
		<Unit filename="../../Sources/OGLNative.h" />
		<Unit filename="../../Sources/OGLRender.h" />
		<Unit filename="../../Sources/OGLShader.h" />
		<Unit filename="../../Sources/Speak.h" />
		<Unit filename="../../Sources/Vertex.h" />
		<Unit filename="OGLAdapter.h" />
		<Unit filename="PlatformDefine.h" />
		<Unit filename="main.cpp" />
		<Unit filename="stdafx.h" />
		<Extensions>
			<code_completion />
			<debugger />
		</Extensions>
	</Project>
</CodeBlocks_project_file>
